// !$*UTF8*$!
{
	archiveVersion = 1;
	classes = {
	};
	objectVersion = 46;
	objects = {

/* Begin PBXBuildFile section */
		6D97455E1D9B0A1F00A64277 /* AppDelegate.swift in Sources */ = {isa = PBXBuildFile; fileRef = 6D97455D1D9B0A1F00A64277 /* AppDelegate.swift */; };
		6D9745601D9B0A1F00A64277 /* ViewController.swift in Sources */ = {isa = PBXBuildFile; fileRef = 6D97455F1D9B0A1F00A64277 /* ViewController.swift */; };
		6D9745631D9B0A1F00A64277 /* Main.storyboard in Resources */ = {isa = PBXBuildFile; fileRef = 6D9745611D9B0A1F00A64277 /* Main.storyboard */; };
		6D9745661D9B0A1F00A64277 /* Horea_Porutiu_Tennis_Lessons.xcdatamodeld in Sources */ = {isa = PBXBuildFile; fileRef = 6D9745641D9B0A1F00A64277 /* Horea_Porutiu_Tennis_Lessons.xcdatamodeld */; };
		6D9745681D9B0A1F00A64277 /* Assets.xcassets in Resources */ = {isa = PBXBuildFile; fileRef = 6D9745671D9B0A1F00A64277 /* Assets.xcassets */; };
		6D97456B1D9B0A1F00A64277 /* LaunchScreen.storyboard in Resources */ = {isa = PBXBuildFile; fileRef = 6D9745691D9B0A1F00A64277 /* LaunchScreen.storyboard */; };
		6D9745761D9B0A1F00A64277 /* Horea_Porutiu_Tennis_LessonsTests.swift in Sources */ = {isa = PBXBuildFile; fileRef = 6D9745751D9B0A1F00A64277 /* Horea_Porutiu_Tennis_LessonsTests.swift */; };
		6D9745811D9B0A1F00A64277 /* Horea_Porutiu_Tennis_LessonsUITests.swift in Sources */ = {isa = PBXBuildFile; fileRef = 6D9745801D9B0A1F00A64277 /* Horea_Porutiu_Tennis_LessonsUITests.swift */; };
		80024F0D1DB9C58600AD419D /* csusa-tennis-player.jpg in Resources */ = {isa = PBXBuildFile; fileRef = 80024F0C1DB9C58600AD419D /* csusa-tennis-player.jpg */; };
		80024F101DB9C90B00AD419D /* tennisServe.001.png in Resources */ = {isa = PBXBuildFile; fileRef = 80024F0F1DB9C90B00AD419D /* tennisServe.001.png */; };
		8059B4681DB7E43800BB4958 /* ViewProfileTableViewController.swift in Sources */ = {isa = PBXBuildFile; fileRef = 8059B4671DB7E43800BB4958 /* ViewProfileTableViewController.swift */; };
		8075356D1DB4802B001C399E /* GoogleService-Info.plist in Resources */ = {isa = PBXBuildFile; fileRef = 8075356C1DB4802B001C399E /* GoogleService-Info.plist */; };
		D8D9E2E72F88CE2A75AA9FB4 /* Pods_Horea_Porutiu_Tennis_Lessons.framework in Frameworks */ = {isa = PBXBuildFile; fileRef = 5089CEAA92224AA8A0D6E4D7 /* Pods_Horea_Porutiu_Tennis_Lessons.framework */; };
/* End PBXBuildFile section */

/* Begin PBXContainerItemProxy section */
		6D9745721D9B0A1F00A64277 /* PBXContainerItemProxy */ = {
			isa = PBXContainerItemProxy;
			containerPortal = 6D9745521D9B0A1F00A64277 /* Project object */;
			proxyType = 1;
			remoteGlobalIDString = 6D9745591D9B0A1F00A64277;
			remoteInfo = "Horea Porutiu Tennis Lessons";
		};
		6D97457D1D9B0A1F00A64277 /* PBXContainerItemProxy */ = {
			isa = PBXContainerItemProxy;
			containerPortal = 6D9745521D9B0A1F00A64277 /* Project object */;
			proxyType = 1;
			remoteGlobalIDString = 6D9745591D9B0A1F00A64277;
			remoteInfo = "Horea Porutiu Tennis Lessons";
		};
/* End PBXContainerItemProxy section */

/* Begin PBXFileReference section */
		1B920D427F35879C63B93465 /* Pods-Horea Porutiu Tennis Lessons.debug.xcconfig */ = {isa = PBXFileReference; includeInIndex = 1; lastKnownFileType = text.xcconfig; name = "Pods-Horea Porutiu Tennis Lessons.debug.xcconfig"; path = "Pods/Target Support Files/Pods-Horea Porutiu Tennis Lessons/Pods-Horea Porutiu Tennis Lessons.debug.xcconfig"; sourceTree = "<group>"; };
		5089CEAA92224AA8A0D6E4D7 /* Pods_Horea_Porutiu_Tennis_Lessons.framework */ = {isa = PBXFileReference; explicitFileType = wrapper.framework; includeInIndex = 0; path = Pods_Horea_Porutiu_Tennis_Lessons.framework; sourceTree = BUILT_PRODUCTS_DIR; };
		6D97455A1D9B0A1F00A64277 /* Horea Porutiu Tennis Lessons.app */ = {isa = PBXFileReference; explicitFileType = wrapper.application; includeInIndex = 0; path = "Horea Porutiu Tennis Lessons.app"; sourceTree = BUILT_PRODUCTS_DIR; };
		6D97455D1D9B0A1F00A64277 /* AppDelegate.swift */ = {isa = PBXFileReference; lastKnownFileType = sourcecode.swift; path = AppDelegate.swift; sourceTree = "<group>"; };
		6D97455F1D9B0A1F00A64277 /* ViewController.swift */ = {isa = PBXFileReference; lastKnownFileType = sourcecode.swift; path = ViewController.swift; sourceTree = "<group>"; };
		6D9745621D9B0A1F00A64277 /* Base */ = {isa = PBXFileReference; lastKnownFileType = file.storyboard; name = Base; path = Base.lproj/Main.storyboard; sourceTree = "<group>"; };
		6D9745651D9B0A1F00A64277 /* Horea_Porutiu_Tennis_Lessons.xcdatamodel */ = {isa = PBXFileReference; lastKnownFileType = wrapper.xcdatamodel; path = Horea_Porutiu_Tennis_Lessons.xcdatamodel; sourceTree = "<group>"; };
		6D9745671D9B0A1F00A64277 /* Assets.xcassets */ = {isa = PBXFileReference; lastKnownFileType = folder.assetcatalog; path = Assets.xcassets; sourceTree = "<group>"; };
		6D97456A1D9B0A1F00A64277 /* Base */ = {isa = PBXFileReference; lastKnownFileType = file.storyboard; name = Base; path = Base.lproj/LaunchScreen.storyboard; sourceTree = "<group>"; };
		6D97456C1D9B0A1F00A64277 /* Info.plist */ = {isa = PBXFileReference; lastKnownFileType = text.plist.xml; path = Info.plist; sourceTree = "<group>"; };
		6D9745711D9B0A1F00A64277 /* Horea Porutiu Tennis LessonsTests.xctest */ = {isa = PBXFileReference; explicitFileType = wrapper.cfbundle; includeInIndex = 0; path = "Horea Porutiu Tennis LessonsTests.xctest"; sourceTree = BUILT_PRODUCTS_DIR; };
		6D9745751D9B0A1F00A64277 /* Horea_Porutiu_Tennis_LessonsTests.swift */ = {isa = PBXFileReference; lastKnownFileType = sourcecode.swift; path = Horea_Porutiu_Tennis_LessonsTests.swift; sourceTree = "<group>"; };
		6D9745771D9B0A1F00A64277 /* Info.plist */ = {isa = PBXFileReference; lastKnownFileType = text.plist.xml; path = Info.plist; sourceTree = "<group>"; };
		6D97457C1D9B0A1F00A64277 /* Horea Porutiu Tennis LessonsUITests.xctest */ = {isa = PBXFileReference; explicitFileType = wrapper.cfbundle; includeInIndex = 0; path = "Horea Porutiu Tennis LessonsUITests.xctest"; sourceTree = BUILT_PRODUCTS_DIR; };
		6D9745801D9B0A1F00A64277 /* Horea_Porutiu_Tennis_LessonsUITests.swift */ = {isa = PBXFileReference; lastKnownFileType = sourcecode.swift; path = Horea_Porutiu_Tennis_LessonsUITests.swift; sourceTree = "<group>"; };
		6D9745821D9B0A1F00A64277 /* Info.plist */ = {isa = PBXFileReference; lastKnownFileType = text.plist.xml; path = Info.plist; sourceTree = "<group>"; };
		80024F0C1DB9C58600AD419D /* csusa-tennis-player.jpg */ = {isa = PBXFileReference; lastKnownFileType = image.jpeg; path = "csusa-tennis-player.jpg"; sourceTree = "<group>"; };
		80024F0F1DB9C90B00AD419D /* tennisServe.001.png */ = {isa = PBXFileReference; lastKnownFileType = image.png; path = tennisServe.001.png; sourceTree = "<group>"; };
		8059B4671DB7E43800BB4958 /* ViewProfileTableViewController.swift */ = {isa = PBXFileReference; fileEncoding = 4; lastKnownFileType = sourcecode.swift; path = ViewProfileTableViewController.swift; sourceTree = "<group>"; };
		8075356C1DB4802B001C399E /* GoogleService-Info.plist */ = {isa = PBXFileReference; fileEncoding = 4; lastKnownFileType = text.plist.xml; name = "GoogleService-Info.plist"; path = "../../../../Downloads/GoogleService-Info.plist"; sourceTree = "<group>"; };
		AC2A527F7985370B4ADF356B /* Pods-Horea Porutiu Tennis Lessons.release.xcconfig */ = {isa = PBXFileReference; includeInIndex = 1; lastKnownFileType = text.xcconfig; name = "Pods-Horea Porutiu Tennis Lessons.release.xcconfig"; path = "Pods/Target Support Files/Pods-Horea Porutiu Tennis Lessons/Pods-Horea Porutiu Tennis Lessons.release.xcconfig"; sourceTree = "<group>"; };
/* End PBXFileReference section */

/* Begin PBXFrameworksBuildPhase section */
		6D9745571D9B0A1F00A64277 /* Frameworks */ = {
			isa = PBXFrameworksBuildPhase;
			buildActionMask = 2147483647;
			files = (
				D8D9E2E72F88CE2A75AA9FB4 /* Pods_Horea_Porutiu_Tennis_Lessons.framework in Frameworks */,
			);
			runOnlyForDeploymentPostprocessing = 0;
		};
		6D97456E1D9B0A1F00A64277 /* Frameworks */ = {
			isa = PBXFrameworksBuildPhase;
			buildActionMask = 2147483647;
			files = (
			);
			runOnlyForDeploymentPostprocessing = 0;
		};
		6D9745791D9B0A1F00A64277 /* Frameworks */ = {
			isa = PBXFrameworksBuildPhase;
			buildActionMask = 2147483647;
			files = (
			);
			runOnlyForDeploymentPostprocessing = 0;
		};
/* End PBXFrameworksBuildPhase section */

/* Begin PBXGroup section */
		5A0D61D52CC66F5774F0448A /* Pods */ = {
			isa = PBXGroup;
			children = (
				1B920D427F35879C63B93465 /* Pods-Horea Porutiu Tennis Lessons.debug.xcconfig */,
				AC2A527F7985370B4ADF356B /* Pods-Horea Porutiu Tennis Lessons.release.xcconfig */,
			);
			name = Pods;
			sourceTree = "<group>";
		};
		6D9745511D9B0A1F00A64277 = {
			isa = PBXGroup;
			children = (
				6D97455C1D9B0A1F00A64277 /* Horea Porutiu Tennis Lessons */,
				6D9745741D9B0A1F00A64277 /* Horea Porutiu Tennis LessonsTests */,
				6D97457F1D9B0A1F00A64277 /* Horea Porutiu Tennis LessonsUITests */,
				6D97455B1D9B0A1F00A64277 /* Products */,
				5A0D61D52CC66F5774F0448A /* Pods */,
				AA37419CEC456DCD0E989B0A /* Frameworks */,
			);
			sourceTree = "<group>";
		};
		6D97455B1D9B0A1F00A64277 /* Products */ = {
			isa = PBXGroup;
			children = (
				6D97455A1D9B0A1F00A64277 /* Horea Porutiu Tennis Lessons.app */,
				6D9745711D9B0A1F00A64277 /* Horea Porutiu Tennis LessonsTests.xctest */,
				6D97457C1D9B0A1F00A64277 /* Horea Porutiu Tennis LessonsUITests.xctest */,
			);
			name = Products;
			sourceTree = "<group>";
		};
		6D97455C1D9B0A1F00A64277 /* Horea Porutiu Tennis Lessons */ = {
			isa = PBXGroup;
			children = (
				80024F0F1DB9C90B00AD419D /* tennisServe.001.png */,
				80024F0C1DB9C58600AD419D /* csusa-tennis-player.jpg */,
				6D97455D1D9B0A1F00A64277 /* AppDelegate.swift */,
				6D97455F1D9B0A1F00A64277 /* ViewController.swift */,
				6D9745611D9B0A1F00A64277 /* Main.storyboard */,
				8075356C1DB4802B001C399E /* GoogleService-Info.plist */,
				6D9745671D9B0A1F00A64277 /* Assets.xcassets */,
				6D9745691D9B0A1F00A64277 /* LaunchScreen.storyboard */,
				6D97456C1D9B0A1F00A64277 /* Info.plist */,
				6D9745641D9B0A1F00A64277 /* Horea_Porutiu_Tennis_Lessons.xcdatamodeld */,
				8059B4671DB7E43800BB4958 /* ViewProfileTableViewController.swift */,
			);
			path = "Horea Porutiu Tennis Lessons";
			sourceTree = "<group>";
		};
		6D9745741D9B0A1F00A64277 /* Horea Porutiu Tennis LessonsTests */ = {
			isa = PBXGroup;
			children = (
				6D9745751D9B0A1F00A64277 /* Horea_Porutiu_Tennis_LessonsTests.swift */,
				6D9745771D9B0A1F00A64277 /* Info.plist */,
			);
			path = "Horea Porutiu Tennis LessonsTests";
			sourceTree = "<group>";
		};
		6D97457F1D9B0A1F00A64277 /* Horea Porutiu Tennis LessonsUITests */ = {
			isa = PBXGroup;
			children = (
				6D9745801D9B0A1F00A64277 /* Horea_Porutiu_Tennis_LessonsUITests.swift */,
				6D9745821D9B0A1F00A64277 /* Info.plist */,
			);
			path = "Horea Porutiu Tennis LessonsUITests";
			sourceTree = "<group>";
		};
		AA37419CEC456DCD0E989B0A /* Frameworks */ = {
			isa = PBXGroup;
			children = (
				5089CEAA92224AA8A0D6E4D7 /* Pods_Horea_Porutiu_Tennis_Lessons.framework */,
			);
			name = Frameworks;
			sourceTree = "<group>";
		};
/* End PBXGroup section */

/* Begin PBXNativeTarget section */
		6D9745591D9B0A1F00A64277 /* Horea Porutiu Tennis Lessons */ = {
			isa = PBXNativeTarget;
			buildConfigurationList = 6D9745851D9B0A1F00A64277 /* Build configuration list for PBXNativeTarget "Horea Porutiu Tennis Lessons" */;
			buildPhases = (
				92D3920AFA004989CBCF6EF8 /* [CP] Check Pods Manifest.lock */,
				6D9745561D9B0A1F00A64277 /* Sources */,
				6D9745571D9B0A1F00A64277 /* Frameworks */,
				6D9745581D9B0A1F00A64277 /* Resources */,
				C721CC9A56D14F5F5FE9F308 /* [CP] Embed Pods Frameworks */,
				326C59D4A08D66F9F331326B /* [CP] Copy Pods Resources */,
			);
			buildRules = (
			);
			dependencies = (
			);
			name = "Horea Porutiu Tennis Lessons";
			productName = "Horea Porutiu Tennis Lessons";
			productReference = 6D97455A1D9B0A1F00A64277 /* Horea Porutiu Tennis Lessons.app */;
			productType = "com.apple.product-type.application";
		};
		6D9745701D9B0A1F00A64277 /* Horea Porutiu Tennis LessonsTests */ = {
			isa = PBXNativeTarget;
			buildConfigurationList = 6D9745881D9B0A1F00A64277 /* Build configuration list for PBXNativeTarget "Horea Porutiu Tennis LessonsTests" */;
			buildPhases = (
				6D97456D1D9B0A1F00A64277 /* Sources */,
				6D97456E1D9B0A1F00A64277 /* Frameworks */,
				6D97456F1D9B0A1F00A64277 /* Resources */,
			);
			buildRules = (
			);
			dependencies = (
				6D9745731D9B0A1F00A64277 /* PBXTargetDependency */,
			);
			name = "Horea Porutiu Tennis LessonsTests";
			productName = "Horea Porutiu Tennis LessonsTests";
			productReference = 6D9745711D9B0A1F00A64277 /* Horea Porutiu Tennis LessonsTests.xctest */;
			productType = "com.apple.product-type.bundle.unit-test";
		};
		6D97457B1D9B0A1F00A64277 /* Horea Porutiu Tennis LessonsUITests */ = {
			isa = PBXNativeTarget;
			buildConfigurationList = 6D97458B1D9B0A1F00A64277 /* Build configuration list for PBXNativeTarget "Horea Porutiu Tennis LessonsUITests" */;
			buildPhases = (
				6D9745781D9B0A1F00A64277 /* Sources */,
				6D9745791D9B0A1F00A64277 /* Frameworks */,
				6D97457A1D9B0A1F00A64277 /* Resources */,
			);
			buildRules = (
			);
			dependencies = (
				6D97457E1D9B0A1F00A64277 /* PBXTargetDependency */,
			);
			name = "Horea Porutiu Tennis LessonsUITests";
			productName = "Horea Porutiu Tennis LessonsUITests";
			productReference = 6D97457C1D9B0A1F00A64277 /* Horea Porutiu Tennis LessonsUITests.xctest */;
			productType = "com.apple.product-type.bundle.ui-testing";
		};
/* End PBXNativeTarget section */

/* Begin PBXProject section */
		6D9745521D9B0A1F00A64277 /* Project object */ = {
			isa = PBXProject;
			attributes = {
				LastSwiftUpdateCheck = 0730;
				LastUpgradeCheck = 0730;
				ORGANIZATIONNAME = "Horea Porutiu";
				TargetAttributes = {
					6D9745591D9B0A1F00A64277 = {
						CreatedOnToolsVersion = 7.3.1;
					};
					6D9745701D9B0A1F00A64277 = {
						CreatedOnToolsVersion = 7.3.1;
						TestTargetID = 6D9745591D9B0A1F00A64277;
					};
					6D97457B1D9B0A1F00A64277 = {
						CreatedOnToolsVersion = 7.3.1;
						TestTargetID = 6D9745591D9B0A1F00A64277;
					};
				};
			};
			buildConfigurationList = 6D9745551D9B0A1F00A64277 /* Build configuration list for PBXProject "Horea Porutiu Tennis Lessons" */;
			compatibilityVersion = "Xcode 3.2";
			developmentRegion = English;
			hasScannedForEncodings = 0;
			knownRegions = (
				en,
				Base,
			);
			mainGroup = 6D9745511D9B0A1F00A64277;
			productRefGroup = 6D97455B1D9B0A1F00A64277 /* Products */;
			projectDirPath = "";
			projectRoot = "";
			targets = (
				6D9745591D9B0A1F00A64277 /* Horea Porutiu Tennis Lessons */,
				6D9745701D9B0A1F00A64277 /* Horea Porutiu Tennis LessonsTests */,
				6D97457B1D9B0A1F00A64277 /* Horea Porutiu Tennis LessonsUITests */,
			);
		};
/* End PBXProject section */

/* Begin PBXResourcesBuildPhase section */
		6D9745581D9B0A1F00A64277 /* Resources */ = {
			isa = PBXResourcesBuildPhase;
			buildActionMask = 2147483647;
			files = (
				6D97456B1D9B0A1F00A64277 /* LaunchScreen.storyboard in Resources */,
				6D9745681D9B0A1F00A64277 /* Assets.xcassets in Resources */,
				8075356D1DB4802B001C399E /* GoogleService-Info.plist in Resources */,
				6D9745631D9B0A1F00A64277 /* Main.storyboard in Resources */,
				80024F0D1DB9C58600AD419D /* csusa-tennis-player.jpg in Resources */,
				80024F101DB9C90B00AD419D /* tennisServe.001.png in Resources */,
			);
			runOnlyForDeploymentPostprocessing = 0;
		};
		6D97456F1D9B0A1F00A64277 /* Resources */ = {
			isa = PBXResourcesBuildPhase;
			buildActionMask = 2147483647;
			files = (
			);
			runOnlyForDeploymentPostprocessing = 0;
		};
		6D97457A1D9B0A1F00A64277 /* Resources */ = {
			isa = PBXResourcesBuildPhase;
			buildActionMask = 2147483647;
			files = (
			);
			runOnlyForDeploymentPostprocessing = 0;
		};
/* End PBXResourcesBuildPhase section */

/* Begin PBXShellScriptBuildPhase section */
		326C59D4A08D66F9F331326B /* [CP] Copy Pods Resources */ = {
			isa = PBXShellScriptBuildPhase;
			buildActionMask = 2147483647;
			files = (
			);
			inputPaths = (
			);
			name = "[CP] Copy Pods Resources";
			outputPaths = (
			);
			runOnlyForDeploymentPostprocessing = 0;
			shellPath = /bin/sh;
			shellScript = "\"${SRCROOT}/Pods/Target Support Files/Pods-Horea Porutiu Tennis Lessons/Pods-Horea Porutiu Tennis Lessons-resources.sh\"\n";
			showEnvVarsInLog = 0;
		};
		92D3920AFA004989CBCF6EF8 /* [CP] Check Pods Manifest.lock */ = {
			isa = PBXShellScriptBuildPhase;
			buildActionMask = 2147483647;
			files = (
			);
			inputPaths = (
			);
			name = "[CP] Check Pods Manifest.lock";
			outputPaths = (
			);
			runOnlyForDeploymentPostprocessing = 0;
			shellPath = /bin/sh;
			shellScript = "diff \"${PODS_ROOT}/../Podfile.lock\" \"${PODS_ROOT}/Manifest.lock\" > /dev/null\nif [[ $? != 0 ]] ; then\n    cat << EOM\nerror: The sandbox is not in sync with the Podfile.lock. Run 'pod install' or update your CocoaPods installation.\nEOM\n    exit 1\nfi\n";
			showEnvVarsInLog = 0;
		};
		C721CC9A56D14F5F5FE9F308 /* [CP] Embed Pods Frameworks */ = {
			isa = PBXShellScriptBuildPhase;
			buildActionMask = 2147483647;
			files = (
			);
			inputPaths = (
			);
			name = "[CP] Embed Pods Frameworks";
			outputPaths = (
			);
			runOnlyForDeploymentPostprocessing = 0;
			shellPath = /bin/sh;
			shellScript = "\"${SRCROOT}/Pods/Target Support Files/Pods-Horea Porutiu Tennis Lessons/Pods-Horea Porutiu Tennis Lessons-frameworks.sh\"\n";
			showEnvVarsInLog = 0;
		};
/* End PBXShellScriptBuildPhase section */

/* Begin PBXSourcesBuildPhase section */
		6D9745561D9B0A1F00A64277 /* Sources */ = {
			isa = PBXSourcesBuildPhase;
			buildActionMask = 2147483647;
			files = (
				6D9745601D9B0A1F00A64277 /* ViewController.swift in Sources */,
				6D97455E1D9B0A1F00A64277 /* AppDelegate.swift in Sources */,
				8059B4681DB7E43800BB4958 /* ViewProfileTableViewController.swift in Sources */,
				6D9745661D9B0A1F00A64277 /* Horea_Porutiu_Tennis_Lessons.xcdatamodeld in Sources */,
			);
			runOnlyForDeploymentPostprocessing = 0;
		};
		6D97456D1D9B0A1F00A64277 /* Sources */ = {
			isa = PBXSourcesBuildPhase;
			buildActionMask = 2147483647;
			files = (
				6D9745761D9B0A1F00A64277 /* Horea_Porutiu_Tennis_LessonsTests.swift in Sources */,
			);
			runOnlyForDeploymentPostprocessing = 0;
		};
		6D9745781D9B0A1F00A64277 /* Sources */ = {
			isa = PBXSourcesBuildPhase;
			buildActionMask = 2147483647;
			files = (
				6D9745811D9B0A1F00A64277 /* Horea_Porutiu_Tennis_LessonsUITests.swift in Sources */,
			);
			runOnlyForDeploymentPostprocessing = 0;
		};
/* End PBXSourcesBuildPhase section */

/* Begin PBXTargetDependency section */
		6D9745731D9B0A1F00A64277 /* PBXTargetDependency */ = {
			isa = PBXTargetDependency;
			target = 6D9745591D9B0A1F00A64277 /* Horea Porutiu Tennis Lessons */;
			targetProxy = 6D9745721D9B0A1F00A64277 /* PBXContainerItemProxy */;
		};
		6D97457E1D9B0A1F00A64277 /* PBXTargetDependency */ = {
			isa = PBXTargetDependency;
			target = 6D9745591D9B0A1F00A64277 /* Horea Porutiu Tennis Lessons */;
			targetProxy = 6D97457D1D9B0A1F00A64277 /* PBXContainerItemProxy */;
		};
/* End PBXTargetDependency section */

/* Begin PBXVariantGroup section */
		6D9745611D9B0A1F00A64277 /* Main.storyboard */ = {
			isa = PBXVariantGroup;
			children = (
				6D9745621D9B0A1F00A64277 /* Base */,
			);
			name = Main.storyboard;
			sourceTree = "<group>";
		};
		6D9745691D9B0A1F00A64277 /* LaunchScreen.storyboard */ = {
			isa = PBXVariantGroup;
			children = (
				6D97456A1D9B0A1F00A64277 /* Base */,
			);
			name = LaunchScreen.storyboard;
			sourceTree = "<group>";
		};
/* End PBXVariantGroup section */

/* Begin XCBuildConfiguration section */
		6D9745831D9B0A1F00A64277 /* Debug */ = {
			isa = XCBuildConfiguration;
			buildSettings = {
				ALWAYS_SEARCH_USER_PATHS = NO;
				CLANG_ANALYZER_NONNULL = YES;
				CLANG_CXX_LANGUAGE_STANDARD = "gnu++0x";
				CLANG_CXX_LIBRARY = "libc++";
				CLANG_ENABLE_MODULES = YES;
				CLANG_ENABLE_OBJC_ARC = YES;
				CLANG_WARN_BOOL_CONVERSION = YES;
				CLANG_WARN_CONSTANT_CONVERSION = YES;
				CLANG_WARN_DIRECT_OBJC_ISA_USAGE = YES_ERROR;
				CLANG_WARN_EMPTY_BODY = YES;
				CLANG_WARN_ENUM_CONVERSION = YES;
				CLANG_WARN_INT_CONVERSION = YES;
				CLANG_WARN_OBJC_ROOT_CLASS = YES_ERROR;
				CLANG_WARN_UNREACHABLE_CODE = YES;
				CLANG_WARN__DUPLICATE_METHOD_MATCH = YES;
				"CODE_SIGN_IDENTITY[sdk=iphoneos*]" = "iPhone Developer";
				COPY_PHASE_STRIP = NO;
				DEBUG_INFORMATION_FORMAT = dwarf;
				ENABLE_STRICT_OBJC_MSGSEND = YES;
				ENABLE_TESTABILITY = YES;
				GCC_C_LANGUAGE_STANDARD = gnu99;
				GCC_DYNAMIC_NO_PIC = NO;
				GCC_NO_COMMON_BLOCKS = YES;
				GCC_OPTIMIZATION_LEVEL = 0;
				GCC_PREPROCESSOR_DEFINITIONS = (
					"DEBUG=1",
					"$(inherited)",
				);
				GCC_WARN_64_TO_32_BIT_CONVERSION = YES;
				GCC_WARN_ABOUT_RETURN_TYPE = YES_ERROR;
				GCC_WARN_UNDECLARED_SELECTOR = YES;
				GCC_WARN_UNINITIALIZED_AUTOS = YES_AGGRESSIVE;
				GCC_WARN_UNUSED_FUNCTION = YES;
				GCC_WARN_UNUSED_VARIABLE = YES;
				IPHONEOS_DEPLOYMENT_TARGET = 9.3;
				MTL_ENABLE_DEBUG_INFO = YES;
				ONLY_ACTIVE_ARCH = YES;
				SDKROOT = iphoneos;
				SWIFT_OPTIMIZATION_LEVEL = "-Onone";
			};
			name = Debug;
		};
		6D9745841D9B0A1F00A64277 /* Release */ = {
			isa = XCBuildConfiguration;
			buildSettings = {
				ALWAYS_SEARCH_USER_PATHS = NO;
				CLANG_ANALYZER_NONNULL = YES;
				CLANG_CXX_LANGUAGE_STANDARD = "gnu++0x";
				CLANG_CXX_LIBRARY = "libc++";
				CLANG_ENABLE_MODULES = YES;
				CLANG_ENABLE_OBJC_ARC = YES;
				CLANG_WARN_BOOL_CONVERSION = YES;
				CLANG_WARN_CONSTANT_CONVERSION = YES;
				CLANG_WARN_DIRECT_OBJC_ISA_USAGE = YES_ERROR;
				CLANG_WARN_EMPTY_BODY = YES;
				CLANG_WARN_ENUM_CONVERSION = YES;
				CLANG_WARN_INT_CONVERSION = YES;
				CLANG_WARN_OBJC_ROOT_CLASS = YES_ERROR;
				CLANG_WARN_UNREACHABLE_CODE = YES;
				CLANG_WARN__DUPLICATE_METHOD_MATCH = YES;
				"CODE_SIGN_IDENTITY[sdk=iphoneos*]" = "iPhone Developer";
				COPY_PHASE_STRIP = NO;
				DEBUG_INFORMATION_FORMAT = "dwarf-with-dsym";
				ENABLE_NS_ASSERTIONS = NO;
				ENABLE_STRICT_OBJC_MSGSEND = YES;
				GCC_C_LANGUAGE_STANDARD = gnu99;
				GCC_NO_COMMON_BLOCKS = YES;
				GCC_WARN_64_TO_32_BIT_CONVERSION = YES;
				GCC_WARN_ABOUT_RETURN_TYPE = YES_ERROR;
				GCC_WARN_UNDECLARED_SELECTOR = YES;
				GCC_WARN_UNINITIALIZED_AUTOS = YES_AGGRESSIVE;
				GCC_WARN_UNUSED_FUNCTION = YES;
				GCC_WARN_UNUSED_VARIABLE = YES;
				IPHONEOS_DEPLOYMENT_TARGET = 9.3;
				MTL_ENABLE_DEBUG_INFO = NO;
				SDKROOT = iphoneos;
				VALIDATE_PRODUCT = YES;
			};
			name = Release;
		};
		6D9745861D9B0A1F00A64277 /* Debug */ = {
			isa = XCBuildConfiguration;
			baseConfigurationReference = 1B920D427F35879C63B93465 /* Pods-Horea Porutiu Tennis Lessons.debug.xcconfig */;
			buildSettings = {
				ASSETCATALOG_COMPILER_APPICON_NAME = AppIcon;
				INFOPLIST_FILE = "Horea Porutiu Tennis Lessons/Info.plist";
				LD_RUNPATH_SEARCH_PATHS = "$(inherited) @executable_path/Frameworks";
				PRODUCT_BUNDLE_IDENTIFIER = "com.HoreaPorutiu.Horea-Porutiu-Tennis-Lessons";
				PRODUCT_NAME = "$(TARGET_NAME)";
			};
			name = Debug;
		};
		6D9745871D9B0A1F00A64277 /* Release */ = {
			isa = XCBuildConfiguration;
			baseConfigurationReference = AC2A527F7985370B4ADF356B /* Pods-Horea Porutiu Tennis Lessons.release.xcconfig */;
			buildSettings = {
				ASSETCATALOG_COMPILER_APPICON_NAME = AppIcon;
				INFOPLIST_FILE = "Horea Porutiu Tennis Lessons/Info.plist";
				LD_RUNPATH_SEARCH_PATHS = "$(inherited) @executable_path/Frameworks";
				PRODUCT_BUNDLE_IDENTIFIER = "com.HoreaPorutiu.Horea-Porutiu-Tennis-Lessons";
				PRODUCT_NAME = "$(TARGET_NAME)";
			};
			name = Release;
		};
		6D9745891D9B0A1F00A64277 /* Debug */ = {
			isa = XCBuildConfiguration;
			buildSettings = {
				BUNDLE_LOADER = "$(TEST_HOST)";
				INFOPLIST_FILE = "Horea Porutiu Tennis LessonsTests/Info.plist";
				LD_RUNPATH_SEARCH_PATHS = "$(inherited) @executable_path/Frameworks @loader_path/Frameworks";
				PRODUCT_BUNDLE_IDENTIFIER = "com.HoreaPorutiu.Horea-Porutiu-Tennis-LessonsTests";
				PRODUCT_NAME = "$(TARGET_NAME)";
				TEST_HOST = "$(BUILT_PRODUCTS_DIR)/Horea Porutiu Tennis Lessons.app/Horea Porutiu Tennis Lessons";
			};
			name = Debug;
		};
		6D97458A1D9B0A1F00A64277 /* Release */ = {
			isa = XCBuildConfiguration;
			buildSettings = {
				BUNDLE_LOADER = "$(TEST_HOST)";
				INFOPLIST_FILE = "Horea Porutiu Tennis LessonsTests/Info.plist";
				LD_RUNPATH_SEARCH_PATHS = "$(inherited) @executable_path/Frameworks @loader_path/Frameworks";
				PRODUCT_BUNDLE_IDENTIFIER = "com.HoreaPorutiu.Horea-Porutiu-Tennis-LessonsTests";
				PRODUCT_NAME = "$(TARGET_NAME)";
				TEST_HOST = "$(BUILT_PRODUCTS_DIR)/Horea Porutiu Tennis Lessons.app/Horea Porutiu Tennis Lessons";
			};
			name = Release;
		};
		6D97458C1D9B0A1F00A64277 /* Debug */ = {
			isa = XCBuildConfiguration;
			buildSettings = {
				INFOPLIST_FILE = "Horea Porutiu Tennis LessonsUITests/Info.plist";
				LD_RUNPATH_SEARCH_PATHS = "$(inherited) @executable_path/Frameworks @loader_path/Frameworks";
				PRODUCT_BUNDLE_IDENTIFIER = "com.HoreaPorutiu.Horea-Porutiu-Tennis-LessonsUITests";
				PRODUCT_NAME = "$(TARGET_NAME)";
				TEST_TARGET_NAME = "Horea Porutiu Tennis Lessons";
			};
			name = Debug;
		};
		6D97458D1D9B0A1F00A64277 /* Release */ = {
			isa = XCBuildConfiguration;
			buildSettings = {
				INFOPLIST_FILE = "Horea Porutiu Tennis LessonsUITests/Info.plist";
				LD_RUNPATH_SEARCH_PATHS = "$(inherited) @executable_path/Frameworks @loader_path/Frameworks";
				PRODUCT_BUNDLE_IDENTIFIER = "com.HoreaPorutiu.Horea-Porutiu-Tennis-LessonsUITests";
				PRODUCT_NAME = "$(TARGET_NAME)";
				TEST_TARGET_NAME = "Horea Porutiu Tennis Lessons";
			};
			name = Release;
		};
/* End XCBuildConfiguration section */

/* Begin XCConfigurationList section */
		6D9745551D9B0A1F00A64277 /* Build configuration list for PBXProject "Horea Porutiu Tennis Lessons" */ = {
			isa = XCConfigurationList;
			buildConfigurations = (
				6D9745831D9B0A1F00A64277 /* Debug */,
				6D9745841D9B0A1F00A64277 /* Release */,
			);
			defaultConfigurationIsVisible = 0;
			defaultConfigurationName = Release;
		};
		6D9745851D9B0A1F00A64277 /* Build configuration list for PBXNativeTarget "Horea Porutiu Tennis Lessons" */ = {
			isa = XCConfigurationList;
			buildConfigurations = (
				6D9745861D9B0A1F00A64277 /* Debug */,
				6D9745871D9B0A1F00A64277 /* Release */,
			);
			defaultConfigurationIsVisible = 0;
			defaultConfigurationName = Release;
		};
		6D9745881D9B0A1F00A64277 /* Build configuration list for PBXNativeTarget "Horea Porutiu Tennis LessonsTests" */ = {
			isa = XCConfigurationList;
			buildConfigurations = (
				6D9745891D9B0A1F00A64277 /* Debug */,
				6D97458A1D9B0A1F00A64277 /* Release */,
			);
			defaultConfigurationIsVisible = 0;
			defaultConfigurationName = Release;
		};
		6D97458B1D9B0A1F00A64277 /* Build configuration list for PBXNativeTarget "Horea Porutiu Tennis LessonsUITests" */ = {
			isa = XCConfigurationList;
			buildConfigurations = (
				6D97458C1D9B0A1F00A64277 /* Debug */,
				6D97458D1D9B0A1F00A64277 /* Release */,
			);
			defaultConfigurationIsVisible = 0;
			defaultConfigurationName = Release;
		};
/* End XCConfigurationList section */

/* Begin XCVersionGroup section */
		6D9745641D9B0A1F00A64277 /* Horea_Porutiu_Tennis_Lessons.xcdatamodeld */ = {
			isa = XCVersionGroup;
			children = (
				6D9745651D9B0A1F00A64277 /* Horea_Porutiu_Tennis_Lessons.xcdatamodel */,
			);
			currentVersion = 6D9745651D9B0A1F00A64277 /* Horea_Porutiu_Tennis_Lessons.xcdatamodel */;
			path = Horea_Porutiu_Tennis_Lessons.xcdatamodeld;
			sourceTree = "<group>";
			versionGroupType = wrapper.xcdatamodel;
		};
/* End XCVersionGroup section */
	};
	rootObject = 6D9745521D9B0A1F00A64277 /* Project object */;
}
